
Microsoft Visual Studio Solution File, Format Version 12.00
# Visual Studio Version 16
VisualStudioVersion = 16.0.33027.164
MinimumVisualStudioVersion = 10.0.40219.1
Project("{FAE04EC0-301F-11D3-BF4B-00C04F79EFBC}") = "vs-2019-Github-user-experiance", "vs-2019-Github-user-experiance\vs-2019-Github-user-experiance.csproj", "{D2E937D4-14E7-4B6E-9C55-2B96BAF18827}"
EndProject
Global
	GlobalSection(SolutionConfigurationPlatforms) = preSolution
		Debug|Any CPU = Debug|Any CPU
		Release|Any CPU = Release|Any CPU
	EndGlobalSection
	GlobalSection(ProjectConfigurationPlatforms) = postSolution
		{D2E937D4-14E7-4B6E-9C55-2B96BAF18827}.Debug|Any CPU.ActiveCfg = Debug|Any CPU
		{D2E937D4-14E7-4B6E-9C55-2B96BAF18827}.Debug|Any CPU.Build.0 = Debug|Any CPU
		{D2E937D4-14E7-4B6E-9C55-2B96BAF18827}.Release|Any CPU.ActiveCfg = Release|Any CPU
		{D2E937D4-14E7-4B6E-9C55-2B96BAF18827}.Release|Any CPU.Build.0 = Release|Any CPU
	EndGlobalSection
	GlobalSection(SolutionProperties) = preSolution
		HideSolutionNode = FALSE
	EndGlobalSection
	GlobalSection(ExtensibilityGlobals) = postSolution
		SolutionGuid = {1673F81F-3CAB-4F58-A858-62D11DDE10B2}
	EndGlobalSection
EndGlobal
